// !$*UTF8*$!
{
	archiveVersion = 1;
	classes = {
	};
	objectVersion = 51;
	objects = {

/* Begin PBXBuildFile section */
		619D4D4724B7BCD500836DBC /* AppDelegate.swift in Sources */ = {isa = PBXBuildFile; fileRef = 619D4D4624B7BCD500836DBC /* AppDelegate.swift */; };
		619D4D4924B7BCD500836DBC /* SceneDelegate.swift in Sources */ = {isa = PBXBuildFile; fileRef = 619D4D4824B7BCD500836DBC /* SceneDelegate.swift */; };
		619D4D4B24B7BCD500836DBC /* ViewController.swift in Sources */ = {isa = PBXBuildFile; fileRef = 619D4D4A24B7BCD500836DBC /* ViewController.swift */; };
		619D4D4E24B7BCD500836DBC /* Main.storyboard in Resources */ = {isa = PBXBuildFile; fileRef = 619D4D4C24B7BCD500836DBC /* Main.storyboard */; };
		619D4D5024B7BCD800836DBC /* Assets.xcassets in Resources */ = {isa = PBXBuildFile; fileRef = 619D4D4F24B7BCD800836DBC /* Assets.xcassets */; };
		619D4D5324B7BCD800836DBC /* LaunchScreen.storyboard in Resources */ = {isa = PBXBuildFile; fileRef = 619D4D5124B7BCD800836DBC /* LaunchScreen.storyboard */; };
		619D4D5B24B7C93700836DBC /* GoogleService-Info.plist in Resources */ = {isa = PBXBuildFile; fileRef = 619D4D5A24B7C93700836DBC /* GoogleService-Info.plist */; };
		619D4D5D24B7CFD300836DBC /* User.swift in Sources */ = {isa = PBXBuildFile; fileRef = 619D4D5C24B7CFD300836DBC /* User.swift */; };
		9B350531625AAC31EDAEE9A6 /* Pods_firebaseApp.framework in Frameworks */ = {isa = PBXBuildFile; fileRef = B68840589F1CCBF2EFFA32E0 /* Pods_firebaseApp.framework */; };
/* End PBXBuildFile section */

/* Begin PBXFileReference section */
		619D4D4324B7BCD500836DBC /* firebaseApp.app */ = {isa = PBXFileReference; explicitFileType = wrapper.application; includeInIndex = 0; path = firebaseApp.app; sourceTree = BUILT_PRODUCTS_DIR; };
		619D4D4624B7BCD500836DBC /* AppDelegate.swift */ = {isa = PBXFileReference; lastKnownFileType = sourcecode.swift; path = AppDelegate.swift; sourceTree = "<group>"; };
		619D4D4824B7BCD500836DBC /* SceneDelegate.swift */ = {isa = PBXFileReference; lastKnownFileType = sourcecode.swift; path = SceneDelegate.swift; sourceTree = "<group>"; };
		619D4D4A24B7BCD500836DBC /* ViewController.swift */ = {isa = PBXFileReference; lastKnownFileType = sourcecode.swift; path = ViewController.swift; sourceTree = "<group>"; };
		619D4D4D24B7BCD500836DBC /* Base */ = {isa = PBXFileReference; lastKnownFileType = file.storyboard; name = Base; path = Base.lproj/Main.storyboard; sourceTree = "<group>"; };
		619D4D4F24B7BCD800836DBC /* Assets.xcassets */ = {isa = PBXFileReference; lastKnownFileType = folder.assetcatalog; path = Assets.xcassets; sourceTree = "<group>"; };
		619D4D5224B7BCD800836DBC /* Base */ = {isa = PBXFileReference; lastKnownFileType = file.storyboard; name = Base; path = Base.lproj/LaunchScreen.storyboard; sourceTree = "<group>"; };
		619D4D5424B7BCD800836DBC /* Info.plist */ = {isa = PBXFileReference; lastKnownFileType = text.plist.xml; path = Info.plist; sourceTree = "<group>"; };
		619D4D5A24B7C93700836DBC /* GoogleService-Info.plist */ = {isa = PBXFileReference; fileEncoding = 4; lastKnownFileType = text.plist.xml; name = "GoogleService-Info.plist"; path = "../../Googleinfo/firebaseApp/GoogleService-Info.plist"; sourceTree = "<group>"; };
		619D4D5C24B7CFD300836DBC /* User.swift */ = {isa = PBXFileReference; lastKnownFileType = sourcecode.swift; path = User.swift; sourceTree = "<group>"; };
		7BD0B087BD8D080159855040 /* Pods-firebaseApp.release.xcconfig */ = {isa = PBXFileReference; includeInIndex = 1; lastKnownFileType = text.xcconfig; name = "Pods-firebaseApp.release.xcconfig"; path = "Target Support Files/Pods-firebaseApp/Pods-firebaseApp.release.xcconfig"; sourceTree = "<group>"; };
		A91ADAF02EDE0E3D17A98FC2 /* Pods-firebaseApp.debug.xcconfig */ = {isa = PBXFileReference; includeInIndex = 1; lastKnownFileType = text.xcconfig; name = "Pods-firebaseApp.debug.xcconfig"; path = "Target Support Files/Pods-firebaseApp/Pods-firebaseApp.debug.xcconfig"; sourceTree = "<group>"; };
		B68840589F1CCBF2EFFA32E0 /* Pods_firebaseApp.framework */ = {isa = PBXFileReference; explicitFileType = wrapper.framework; includeInIndex = 0; path = Pods_firebaseApp.framework; sourceTree = BUILT_PRODUCTS_DIR; };
/* End PBXFileReference section */

/* Begin PBXFrameworksBuildPhase section */
		619D4D4024B7BCD500836DBC /* Frameworks */ = {
			isa = PBXFrameworksBuildPhase;
			buildActionMask = 2147483647;
			files = (
				9B350531625AAC31EDAEE9A6 /* Pods_firebaseApp.framework in Frameworks */,
			);
			runOnlyForDeploymentPostprocessing = 0;
		};
/* End PBXFrameworksBuildPhase section */

/* Begin PBXGroup section */
		619D4D3A24B7BCD500836DBC = {
			isa = PBXGroup;
			children = (
				619D4D4524B7BCD500836DBC /* firebaseApp */,
				619D4D4424B7BCD500836DBC /* Products */,
				7D35287B56C6D4BE924A609C /* Pods */,
				6D10F746C81F5282587AEA8A /* Frameworks */,
			);
			sourceTree = "<group>";
		};
		619D4D4424B7BCD500836DBC /* Products */ = {
			isa = PBXGroup;
			children = (
				619D4D4324B7BCD500836DBC /* firebaseApp.app */,
			);
			name = Products;
			sourceTree = "<group>";
		};
		619D4D4524B7BCD500836DBC /* firebaseApp */ = {
			isa = PBXGroup;
			children = (
				619D4D4624B7BCD500836DBC /* AppDelegate.swift */,
				619D4D4824B7BCD500836DBC /* SceneDelegate.swift */,
				619D4D4A24B7BCD500836DBC /* ViewController.swift */,
				619D4D4C24B7BCD500836DBC /* Main.storyboard */,
				619D4D4F24B7BCD800836DBC /* Assets.xcassets */,
				619D4D5124B7BCD800836DBC /* LaunchScreen.storyboard */,
				619D4D5424B7BCD800836DBC /* Info.plist */,
				619D4D5A24B7C93700836DBC /* GoogleService-Info.plist */,
				619D4D5C24B7CFD300836DBC /* User.swift */,
			);
			path = firebaseApp;
			sourceTree = "<group>";
		};
		6D10F746C81F5282587AEA8A /* Frameworks */ = {
			isa = PBXGroup;
			children = (
				B68840589F1CCBF2EFFA32E0 /* Pods_firebaseApp.framework */,
			);
			name = Frameworks;
			sourceTree = "<group>";
		};
		7D35287B56C6D4BE924A609C /* Pods */ = {
			isa = PBXGroup;
			children = (
				A91ADAF02EDE0E3D17A98FC2 /* Pods-firebaseApp.debug.xcconfig */,
				7BD0B087BD8D080159855040 /* Pods-firebaseApp.release.xcconfig */,
			);
			path = Pods;
			sourceTree = "<group>";
		};
/* End PBXGroup section */

/* Begin PBXNativeTarget section */
		619D4D4224B7BCD500836DBC /* firebaseApp */ = {
			isa = PBXNativeTarget;
			buildConfigurationList = 619D4D5724B7BCD800836DBC /* Build configuration list for PBXNativeTarget "firebaseApp" */;
			buildPhases = (
				1AFACE3445A1ED61FA3020BF /* [CP] Check Pods Manifest.lock */,
				619D4D3F24B7BCD500836DBC /* Sources */,
				619D4D4024B7BCD500836DBC /* Frameworks */,
				619D4D4124B7BCD500836DBC /* Resources */,
				F382F68A8BCB0A48B84DFD56 /* [CP] Embed Pods Frameworks */,
			);
			buildRules = (
			);
			dependencies = (
			);
			name = firebaseApp;
			productName = firebaseApp;
			productReference = 619D4D4324B7BCD500836DBC /* firebaseApp.app */;
			productType = "com.apple.product-type.application";
		};
/* End PBXNativeTarget section */

/* Begin PBXProject section */
		619D4D3B24B7BCD500836DBC /* Project object */ = {
			isa = PBXProject;
			attributes = {
				LastSwiftUpdateCheck = 1150;
				LastUpgradeCheck = 1150;
				ORGANIZATIONNAME = "柿沼儀揚";
				TargetAttributes = {
					619D4D4224B7BCD500836DBC = {
						CreatedOnToolsVersion = 11.5;
					};
				};
			};
			buildConfigurationList = 619D4D3E24B7BCD500836DBC /* Build configuration list for PBXProject "firebaseApp" */;
			compatibilityVersion = "Xcode 9.3";
			developmentRegion = en;
			hasScannedForEncodings = 0;
			knownRegions = (
				en,
				Base,
			);
			mainGroup = 619D4D3A24B7BCD500836DBC;
			productRefGroup = 619D4D4424B7BCD500836DBC /* Products */;
			projectDirPath = "";
			projectRoot = "";
			targets = (
				619D4D4224B7BCD500836DBC /* firebaseApp */,
			);
		};
/* End PBXProject section */

/* Begin PBXResourcesBuildPhase section */
		619D4D4124B7BCD500836DBC /* Resources */ = {
			isa = PBXResourcesBuildPhase;
			buildActionMask = 2147483647;
			files = (
				619D4D5324B7BCD800836DBC /* LaunchScreen.storyboard in Resources */,
				619D4D5B24B7C93700836DBC /* GoogleService-Info.plist in Resources */,
				619D4D5024B7BCD800836DBC /* Assets.xcassets in Resources */,
				619D4D4E24B7BCD500836DBC /* Main.storyboard in Resources */,
			);
			runOnlyForDeploymentPostprocessing = 0;
		};
/* End PBXResourcesBuildPhase section */

/* Begin PBXShellScriptBuildPhase section */
		1AFACE3445A1ED61FA3020BF /* [CP] Check Pods Manifest.lock */ = {
			isa = PBXShellScriptBuildPhase;
			buildActionMask = 2147483647;
			files = (
			);
			inputFileListPaths = (
			);
			inputPaths = (
				"${PODS_PODFILE_DIR_PATH}/Podfile.lock",
				"${PODS_ROOT}/Manifest.lock",
			);
			name = "[CP] Check Pods Manifest.lock";
			outputFileListPaths = (
			);
			outputPaths = (
				"$(DERIVED_FILE_DIR)/Pods-firebaseApp-checkManifestLockResult.txt",
			);
			runOnlyForDeploymentPostprocessing = 0;
			shellPath = /bin/sh;
			shellScript = "diff \"${PODS_PODFILE_DIR_PATH}/Podfile.lock\" \"${PODS_ROOT}/Manifest.lock\" > /dev/null\nif [ $? != 0 ] ; then\n    # print error to STDERR\n    echo \"error: The sandbox is not in sync with the Podfile.lock. Run 'pod install' or update your CocoaPods installation.\" >&2\n    exit 1\nfi\n# This output is used by Xcode 'outputs' to avoid re-running this script phase.\necho \"SUCCESS\" > \"${SCRIPT_OUTPUT_FILE_0}\"\n";
			showEnvVarsInLog = 0;
		};
		F382F68A8BCB0A48B84DFD56 /* [CP] Embed Pods Frameworks */ = {
			isa = PBXShellScriptBuildPhase;
			buildActionMask = 2147483647;
			files = (
			);
			inputFileListPaths = (
				"${PODS_ROOT}/Target Support Files/Pods-firebaseApp/Pods-firebaseApp-frameworks-${CONFIGURATION}-input-files.xcfilelist",
			);
			name = "[CP] Embed Pods Frameworks";
			outputFileListPaths = (
				"${PODS_ROOT}/Target Support Files/Pods-firebaseApp/Pods-firebaseApp-frameworks-${CONFIGURATION}-output-files.xcfilelist",
			);
			runOnlyForDeploymentPostprocessing = 0;
			shellPath = /bin/sh;
			shellScript = "\"${PODS_ROOT}/Target Support Files/Pods-firebaseApp/Pods-firebaseApp-frameworks.sh\"\n";
			showEnvVarsInLog = 0;
		};
/* End PBXShellScriptBuildPhase section */

/* Begin PBXSourcesBuildPhase section */
		619D4D3F24B7BCD500836DBC /* Sources */ = {
			isa = PBXSourcesBuildPhase;
			buildActionMask = 2147483647;
			files = (
				619D4D5D24B7CFD300836DBC /* User.swift in Sources */,
				619D4D4B24B7BCD500836DBC /* ViewController.swift in Sources */,
				619D4D4724B7BCD500836DBC /* AppDelegate.swift in Sources */,
				619D4D4924B7BCD500836DBC /* SceneDelegate.swift in Sources */,
			);
			runOnlyForDeploymentPostprocessing = 0;
		};
/* End PBXSourcesBuildPhase section */

/* Begin PBXVariantGroup section */
		619D4D4C24B7BCD500836DBC /* Main.storyboard */ = {
			isa = PBXVariantGroup;
			children = (
				619D4D4D24B7BCD500836DBC /* Base */,
			);
			name = Main.storyboard;
			sourceTree = "<group>";
		};
		619D4D5124B7BCD800836DBC /* LaunchScreen.storyboard */ = {
			isa = PBXVariantGroup;
			children = (
				619D4D5224B7BCD800836DBC /* Base */,
			);
			name = LaunchScreen.storyboard;
			sourceTree = "<group>";
		};
/* End PBXVariantGroup section */

/* Begin XCBuildConfiguration section */
		619D4D5524B7BCD800836DBC /* Debug */ = {
			isa = XCBuildConfiguration;
			buildSettings = {
				ALWAYS_SEARCH_USER_PATHS = NO;
				CLANG_ANALYZER_NONNULL = YES;
				CLANG_ANALYZER_NUMBER_OBJECT_CONVERSION = YES_AGGRESSIVE;
				CLANG_CXX_LANGUAGE_STANDARD = "gnu++14";
				CLANG_CXX_LIBRARY = "libc++";
				CLANG_ENABLE_MODULES = YES;
				CLANG_ENABLE_OBJC_ARC = YES;
				CLANG_ENABLE_OBJC_WEAK = YES;
				CLANG_WARN_BLOCK_CAPTURE_AUTORELEASING = YES;
				CLANG_WARN_BOOL_CONVERSION = YES;
				CLANG_WARN_COMMA = YES;
				CLANG_WARN_CONSTANT_CONVERSION = YES;
				CLANG_WARN_DEPRECATED_OBJC_IMPLEMENTATIONS = YES;
				CLANG_WARN_DIRECT_OBJC_ISA_USAGE = YES_ERROR;
				CLANG_WARN_DOCUMENTATION_COMMENTS = YES;
				CLANG_WARN_EMPTY_BODY = YES;
				CLANG_WARN_ENUM_CONVERSION = YES;
				CLANG_WARN_INFINITE_RECURSION = YES;
				CLANG_WARN_INT_CONVERSION = YES;
				CLANG_WARN_NON_LITERAL_NULL_CONVERSION = YES;
				CLANG_WARN_OBJC_IMPLICIT_RETAIN_SELF = YES;
				CLANG_WARN_OBJC_LITERAL_CONVERSION = YES;
				CLANG_WARN_OBJC_ROOT_CLASS = YES_ERROR;
				CLANG_WARN_RANGE_LOOP_ANALYSIS = YES;
				CLANG_WARN_STRICT_PROTOTYPES = YES;
				CLANG_WARN_SUSPICIOUS_MOVE = YES;
				CLANG_WARN_UNGUARDED_AVAILABILITY = YES_AGGRESSIVE;
				CLANG_WARN_UNREACHABLE_CODE = YES;
				CLANG_WARN__DUPLICATE_METHOD_MATCH = YES;
				COPY_PHASE_STRIP = NO;
				DEBUG_INFORMATION_FORMAT = dwarf;
				ENABLE_STRICT_OBJC_MSGSEND = YES;
				ENABLE_TESTABILITY = YES;
				GCC_C_LANGUAGE_STANDARD = gnu11;
				GCC_DYNAMIC_NO_PIC = NO;
				GCC_NO_COMMON_BLOCKS = YES;
				GCC_OPTIMIZATION_LEVEL = 0;
				GCC_PREPROCESSOR_DEFINITIONS = (
					"DEBUG=1",
					"$(inherited)",
				);
				GCC_WARN_64_TO_32_BIT_CONVERSION = YES;
				GCC_WARN_ABOUT_RETURN_TYPE = YES_ERROR;
				GCC_WARN_UNDECLARED_SELECTOR = YES;
				GCC_WARN_UNINITIALIZED_AUTOS = YES_AGGRESSIVE;
				GCC_WARN_UNUSED_FUNCTION = YES;
				GCC_WARN_UNUSED_VARIABLE = YES;
				IPHONEOS_DEPLOYMENT_TARGET = 13.5;
				MTL_ENABLE_DEBUG_INFO = INCLUDE_SOURCE;
				MTL_FAST_MATH = YES;
				ONLY_ACTIVE_ARCH = YES;
				SDKROOT = iphoneos;
				SWIFT_ACTIVE_COMPILATION_CONDITIONS = DEBUG;
				SWIFT_OPTIMIZATION_LEVEL = "-Onone";
			};
			name = Debug;
		};
		619D4D5624B7BCD800836DBC /* Release */ = {
			isa = XCBuildConfiguration;
			buildSettings = {
				ALWAYS_SEARCH_USER_PATHS = NO;
				CLANG_ANALYZER_NONNULL = YES;
				CLANG_ANALYZER_NUMBER_OBJECT_CONVERSION = YES_AGGRESSIVE;
				CLANG_CXX_LANGUAGE_STANDARD = "gnu++14";
				CLANG_CXX_LIBRARY = "libc++";
				CLANG_ENABLE_MODULES = YES;
				CLANG_ENABLE_OBJC_ARC = YES;
				CLANG_ENABLE_OBJC_WEAK = YES;
				CLANG_WARN_BLOCK_CAPTURE_AUTORELEASING = YES;
				CLANG_WARN_BOOL_CONVERSION = YES;
				CLANG_WARN_COMMA = YES;
				CLANG_WARN_CONSTANT_CONVERSION = YES;
				CLANG_WARN_DEPRECATED_OBJC_IMPLEMENTATIONS = YES;
				CLANG_WARN_DIRECT_OBJC_ISA_USAGE = YES_ERROR;
				CLANG_WARN_DOCUMENTATION_COMMENTS = YES;
				CLANG_WARN_EMPTY_BODY = YES;
				CLANG_WARN_ENUM_CONVERSION = YES;
				CLANG_WARN_INFINITE_RECURSION = YES;
				CLANG_WARN_INT_CONVERSION = YES;
				CLANG_WARN_NON_LITERAL_NULL_CONVERSION = YES;
				CLANG_WARN_OBJC_IMPLICIT_RETAIN_SELF = YES;
				CLANG_WARN_OBJC_LITERAL_CONVERSION = YES;
				CLANG_WARN_OBJC_ROOT_CLASS = YES_ERROR;
				CLANG_WARN_RANGE_LOOP_ANALYSIS = YES;
				CLANG_WARN_STRICT_PROTOTYPES = YES;
				CLANG_WARN_SUSPICIOUS_MOVE = YES;
				CLANG_WARN_UNGUARDED_AVAILABILITY = YES_AGGRESSIVE;
				CLANG_WARN_UNREACHABLE_CODE = YES;
				CLANG_WARN__DUPLICATE_METHOD_MATCH = YES;
				COPY_PHASE_STRIP = NO;
				DEBUG_INFORMATION_FORMAT = "dwarf-with-dsym";
				ENABLE_NS_ASSERTIONS = NO;
				ENABLE_STRICT_OBJC_MSGSEND = YES;
				GCC_C_LANGUAGE_STANDARD = gnu11;
				GCC_NO_COMMON_BLOCKS = YES;
				GCC_WARN_64_TO_32_BIT_CONVERSION = YES;
				GCC_WARN_ABOUT_RETURN_TYPE = YES_ERROR;
				GCC_WARN_UNDECLARED_SELECTOR = YES;
				GCC_WARN_UNINITIALIZED_AUTOS = YES_AGGRESSIVE;
				GCC_WARN_UNUSED_FUNCTION = YES;
				GCC_WARN_UNUSED_VARIABLE = YES;
				IPHONEOS_DEPLOYMENT_TARGET = 13.5;
				MTL_ENABLE_DEBUG_INFO = NO;
				MTL_FAST_MATH = YES;
				SDKROOT = iphoneos;
				SWIFT_COMPILATION_MODE = wholemodule;
				SWIFT_OPTIMIZATION_LEVEL = "-O";
				VALIDATE_PRODUCT = YES;
			};
			name = Release;
		};
		619D4D5824B7BCD800836DBC /* Debug */ = {
			isa = XCBuildConfiguration;
			baseConfigurationReference = A91ADAF02EDE0E3D17A98FC2 /* Pods-firebaseApp.debug.xcconfig */;
			buildSettings = {
				ASSETCATALOG_COMPILER_APPICON_NAME = AppIcon;
				CODE_SIGN_STYLE = Automatic;
				DEVELOPMENT_TEAM = 986MT8CMMX;
				INFOPLIST_FILE = firebaseApp/Info.plist;
				LD_RUNPATH_SEARCH_PATHS = (
					"$(inherited)",
					"@executable_path/Frameworks",
				);
				PRODUCT_BUNDLE_IDENTIFIER = org.akiblog.firebaseApp;
				PRODUCT_NAME = "$(TARGET_NAME)";
				SWIFT_VERSION = 5.0;
				TARGETED_DEVICE_FAMILY = "1,2";
			};
			name = Debug;
		};
		619D4D5924B7BCD800836DBC /* Release */ = {
			isa = XCBuildConfiguration;
			baseConfigurationReference = 7BD0B087BD8D080159855040 /* Pods-firebaseApp.release.xcconfig */;
			buildSettings = {
				ASSETCATALOG_COMPILER_APPICON_NAME = AppIcon;
				CODE_SIGN_STYLE = Automatic;
				DEVELOPMENT_TEAM = 986MT8CMMX;
				INFOPLIST_FILE = firebaseApp/Info.plist;
				LD_RUNPATH_SEARCH_PATHS = (
					"$(inherited)",
					"@executable_path/Frameworks",
				);
				PRODUCT_BUNDLE_IDENTIFIER = org.akiblog.firebaseApp;
				PRODUCT_NAME = "$(TARGET_NAME)";
				SWIFT_VERSION = 5.0;
				TARGETED_DEVICE_FAMILY = "1,2";
			};
			name = Release;
		};
/* End XCBuildConfiguration section */

/* Begin XCConfigurationList section */
		619D4D3E24B7BCD500836DBC /* Build configuration list for PBXProject "firebaseApp" */ = {
			isa = XCConfigurationList;
			buildConfigurations = (
				619D4D5524B7BCD800836DBC /* Debug */,
				619D4D5624B7BCD800836DBC /* Release */,
			);
			defaultConfigurationIsVisible = 0;
			defaultConfigurationName = Release;
		};
		619D4D5724B7BCD800836DBC /* Build configuration list for PBXNativeTarget "firebaseApp" */ = {
			isa = XCConfigurationList;
			buildConfigurations = (
				619D4D5824B7BCD800836DBC /* Debug */,
				619D4D5924B7BCD800836DBC /* Release */,
			);
			defaultConfigurationIsVisible = 0;
			defaultConfigurationName = Release;
		};
/* End XCConfigurationList section */
	};
	rootObject = 619D4D3B24B7BCD500836DBC /* Project object */;
}
